
Microsoft Visual Studio Solution File, Format Version 12.00
# Visual Studio Version 17
VisualStudioVersion = 17.7.34003.232
MinimumVisualStudioVersion = 10.0.40219.1
Project("{2150E333-8FDC-42A3-9474-1A3956D46DE8}") = "src", "src", "{E5281399-2CC1-4AC8-BBFE-E762493E51CD}"
EndProject
Project("{2150E333-8FDC-42A3-9474-1A3956D46DE8}") = "Solution Items", "Solution Items", "{5F6A2FE5-857E-4805-B836-865D6D39EC5F}"
	ProjectSection(SolutionItems) = preProject
		MigrationReadMe.txt = MigrationReadMe.txt
		ServiceUrls.txt = ServiceUrls.txt
	EndProjectSection
EndProject
Project("{2150E333-8FDC-42A3-9474-1A3956D46DE8}") = "Services", "Services", "{F6AA22BB-2281-4414-AE33-A11ED06E606F}"
EndProject
Project("{2150E333-8FDC-42A3-9474-1A3956D46DE8}") = "Shared", "Shared", "{526685D5-2D32-4743-8C0C-5FCBA8558FF2}"
EndProject
Project("{2150E333-8FDC-42A3-9474-1A3956D46DE8}") = "Web", "Web", "{CB7CF643-71D4-49BC-8237-8E8F11EFDBF7}"
EndProject
Project("{2150E333-8FDC-42A3-9474-1A3956D46DE8}") = "FlightWCF", "FlightWCF", "{6D3FEC1F-D21C-48BE-A664-1192744C06EA}"
EndProject
Project("{2150E333-8FDC-42A3-9474-1A3956D46DE8}") = "FlightService", "FlightService", "{B423AAE2-9B5F-458F-971A-62C2F96C41EC}"
EndProject
Project("{9A19103F-16F7-4668-BE54-9A1E7A4F7556}") = "FlightService.API", "src\Services\FlightService\FlightService.API\FlightService.API.csproj", "{D0E78CDD-FFE4-4E67-BBCF-CF11EBF4ABF1}"
EndProject
Project("{9A19103F-16F7-4668-BE54-9A1E7A4F7556}") = "FlightProvider", "C:\Users\Home\Downloads\Compressed\FlightProvider\src\FlightProvider\FlightProvider.csproj", "{E71FF974-B2F3-41DC-89BB-5DA6A446F68F}"
EndProject
Project("{9A19103F-16F7-4668-BE54-9A1E7A4F7556}") = "Shared.Core", "src\Shared\Shared.Core\Shared.Core.csproj", "{0FBE4A38-9CC2-43B3-BA9D-81896EF9DF2F}"
EndProject
Project("{9A19103F-16F7-4668-BE54-9A1E7A4F7556}") = "Shared.Models", "src\Shared\Shared.Models\Shared.Models.csproj", "{AB22D07F-B0CB-4D97-AF2A-3B4D574457C9}"
EndProject
Project("{9A19103F-16F7-4668-BE54-9A1E7A4F7556}") = "Web.UI", "src\Web\Web.UI\Web.UI.csproj", "{6C4CE6C8-0553-43A6-9310-53C70CB2E5B1}"
EndProject
Project("{9A19103F-16F7-4668-BE54-9A1E7A4F7556}") = "FlightService.Business", "src\Services\FlightService\FlightService.Business\FlightService.Business.csproj", "{3C394CFC-FF01-4F9D-A2F0-4B9CA807BDFC}"
EndProject
Project("{9A19103F-16F7-4668-BE54-9A1E7A4F7556}") = "FlightService.DataAccess", "src\Services\FlightService\FlightService.DataAccess\FlightService.DataAccess.csproj", "{F9F3E730-8518-48A8-935F-A28401E2464E}"
EndProject
Project("{9A19103F-16F7-4668-BE54-9A1E7A4F7556}") = "FlightService.Entities", "src\Services\FlightService\FlightService.Entities\FlightService.Entities.csproj", "{9BED8F22-C129-4137-A21B-404B3B36F7B0}"
EndProject
Project("{FAE04EC0-301F-11D3-BF4B-00C04F79EFBC}") = "Web.Data", "src\Web\Web.Data\Web.Data.csproj", "{EAACBEE8-AB73-474D-99E4-462AED871BAB}"
EndProject
Project("{FAE04EC0-301F-11D3-BF4B-00C04F79EFBC}") = "Web.Business", "src\Web\Web.Business\Web.Business.csproj", "{2E808227-C165-4C6F-A4F9-D03E35F1A680}"
EndProject
Global
	GlobalSection(SolutionConfigurationPlatforms) = preSolution
		Debug|Any CPU = Debug|Any CPU
		Release|Any CPU = Release|Any CPU
	EndGlobalSection
	GlobalSection(ProjectConfigurationPlatforms) = postSolution
		{D0E78CDD-FFE4-4E67-BBCF-CF11EBF4ABF1}.Debug|Any CPU.ActiveCfg = Debug|Any CPU
		{D0E78CDD-FFE4-4E67-BBCF-CF11EBF4ABF1}.Debug|Any CPU.Build.0 = Debug|Any CPU
		{D0E78CDD-FFE4-4E67-BBCF-CF11EBF4ABF1}.Release|Any CPU.ActiveCfg = Release|Any CPU
		{D0E78CDD-FFE4-4E67-BBCF-CF11EBF4ABF1}.Release|Any CPU.Build.0 = Release|Any CPU
		{E71FF974-B2F3-41DC-89BB-5DA6A446F68F}.Debug|Any CPU.ActiveCfg = Debug|Any CPU
		{E71FF974-B2F3-41DC-89BB-5DA6A446F68F}.Debug|Any CPU.Build.0 = Debug|Any CPU
		{E71FF974-B2F3-41DC-89BB-5DA6A446F68F}.Release|Any CPU.ActiveCfg = Release|Any CPU
		{E71FF974-B2F3-41DC-89BB-5DA6A446F68F}.Release|Any CPU.Build.0 = Release|Any CPU
		{0FBE4A38-9CC2-43B3-BA9D-81896EF9DF2F}.Debug|Any CPU.ActiveCfg = Debug|Any CPU
		{0FBE4A38-9CC2-43B3-BA9D-81896EF9DF2F}.Debug|Any CPU.Build.0 = Debug|Any CPU
		{0FBE4A38-9CC2-43B3-BA9D-81896EF9DF2F}.Release|Any CPU.ActiveCfg = Release|Any CPU
		{0FBE4A38-9CC2-43B3-BA9D-81896EF9DF2F}.Release|Any CPU.Build.0 = Release|Any CPU
		{AB22D07F-B0CB-4D97-AF2A-3B4D574457C9}.Debug|Any CPU.ActiveCfg = Debug|Any CPU
		{AB22D07F-B0CB-4D97-AF2A-3B4D574457C9}.Debug|Any CPU.Build.0 = Debug|Any CPU
		{AB22D07F-B0CB-4D97-AF2A-3B4D574457C9}.Release|Any CPU.ActiveCfg = Release|Any CPU
		{AB22D07F-B0CB-4D97-AF2A-3B4D574457C9}.Release|Any CPU.Build.0 = Release|Any CPU
		{6C4CE6C8-0553-43A6-9310-53C70CB2E5B1}.Debug|Any CPU.ActiveCfg = Debug|Any CPU
		{6C4CE6C8-0553-43A6-9310-53C70CB2E5B1}.Debug|Any CPU.Build.0 = Debug|Any CPU
		{6C4CE6C8-0553-43A6-9310-53C70CB2E5B1}.Release|Any CPU.ActiveCfg = Release|Any CPU
		{6C4CE6C8-0553-43A6-9310-53C70CB2E5B1}.Release|Any CPU.Build.0 = Release|Any CPU
		{3C394CFC-FF01-4F9D-A2F0-4B9CA807BDFC}.Debug|Any CPU.ActiveCfg = Debug|Any CPU
		{3C394CFC-FF01-4F9D-A2F0-4B9CA807BDFC}.Debug|Any CPU.Build.0 = Debug|Any CPU
		{3C394CFC-FF01-4F9D-A2F0-4B9CA807BDFC}.Release|Any CPU.ActiveCfg = Release|Any CPU
		{3C394CFC-FF01-4F9D-A2F0-4B9CA807BDFC}.Release|Any CPU.Build.0 = Release|Any CPU
		{F9F3E730-8518-48A8-935F-A28401E2464E}.Debug|Any CPU.ActiveCfg = Debug|Any CPU
		{F9F3E730-8518-48A8-935F-A28401E2464E}.Debug|Any CPU.Build.0 = Debug|Any CPU
		{F9F3E730-8518-48A8-935F-A28401E2464E}.Release|Any CPU.ActiveCfg = Release|Any CPU
		{F9F3E730-8518-48A8-935F-A28401E2464E}.Release|Any CPU.Build.0 = Release|Any CPU
		{9BED8F22-C129-4137-A21B-404B3B36F7B0}.Debug|Any CPU.ActiveCfg = Debug|Any CPU
		{9BED8F22-C129-4137-A21B-404B3B36F7B0}.Debug|Any CPU.Build.0 = Debug|Any CPU
		{9BED8F22-C129-4137-A21B-404B3B36F7B0}.Release|Any CPU.ActiveCfg = Release|Any CPU
		{9BED8F22-C129-4137-A21B-404B3B36F7B0}.Release|Any CPU.Build.0 = Release|Any CPU
		{EAACBEE8-AB73-474D-99E4-462AED871BAB}.Debug|Any CPU.ActiveCfg = Debug|Any CPU
		{EAACBEE8-AB73-474D-99E4-462AED871BAB}.Debug|Any CPU.Build.0 = Debug|Any CPU
		{EAACBEE8-AB73-474D-99E4-462AED871BAB}.Release|Any CPU.ActiveCfg = Release|Any CPU
		{EAACBEE8-AB73-474D-99E4-462AED871BAB}.Release|Any CPU.Build.0 = Release|Any CPU
		{2E808227-C165-4C6F-A4F9-D03E35F1A680}.Debug|Any CPU.ActiveCfg = Debug|Any CPU
		{2E808227-C165-4C6F-A4F9-D03E35F1A680}.Debug|Any CPU.Build.0 = Debug|Any CPU
		{2E808227-C165-4C6F-A4F9-D03E35F1A680}.Release|Any CPU.ActiveCfg = Release|Any CPU
		{2E808227-C165-4C6F-A4F9-D03E35F1A680}.Release|Any CPU.Build.0 = Release|Any CPU
	EndGlobalSection
	GlobalSection(SolutionProperties) = preSolution
		HideSolutionNode = FALSE
	EndGlobalSection
	GlobalSection(NestedProjects) = preSolution
		{F6AA22BB-2281-4414-AE33-A11ED06E606F} = {E5281399-2CC1-4AC8-BBFE-E762493E51CD}
		{526685D5-2D32-4743-8C0C-5FCBA8558FF2} = {E5281399-2CC1-4AC8-BBFE-E762493E51CD}
		{CB7CF643-71D4-49BC-8237-8E8F11EFDBF7} = {E5281399-2CC1-4AC8-BBFE-E762493E51CD}
		{6D3FEC1F-D21C-48BE-A664-1192744C06EA} = {F6AA22BB-2281-4414-AE33-A11ED06E606F}
		{B423AAE2-9B5F-458F-971A-62C2F96C41EC} = {F6AA22BB-2281-4414-AE33-A11ED06E606F}
		{D0E78CDD-FFE4-4E67-BBCF-CF11EBF4ABF1} = {B423AAE2-9B5F-458F-971A-62C2F96C41EC}
		{E71FF974-B2F3-41DC-89BB-5DA6A446F68F} = {6D3FEC1F-D21C-48BE-A664-1192744C06EA}
		{0FBE4A38-9CC2-43B3-BA9D-81896EF9DF2F} = {526685D5-2D32-4743-8C0C-5FCBA8558FF2}
		{AB22D07F-B0CB-4D97-AF2A-3B4D574457C9} = {526685D5-2D32-4743-8C0C-5FCBA8558FF2}
		{6C4CE6C8-0553-43A6-9310-53C70CB2E5B1} = {CB7CF643-71D4-49BC-8237-8E8F11EFDBF7}
		{3C394CFC-FF01-4F9D-A2F0-4B9CA807BDFC} = {B423AAE2-9B5F-458F-971A-62C2F96C41EC}
		{F9F3E730-8518-48A8-935F-A28401E2464E} = {B423AAE2-9B5F-458F-971A-62C2F96C41EC}
		{9BED8F22-C129-4137-A21B-404B3B36F7B0} = {B423AAE2-9B5F-458F-971A-62C2F96C41EC}
		{EAACBEE8-AB73-474D-99E4-462AED871BAB} = {CB7CF643-71D4-49BC-8237-8E8F11EFDBF7}
		{2E808227-C165-4C6F-A4F9-D03E35F1A680} = {CB7CF643-71D4-49BC-8237-8E8F11EFDBF7}
	EndGlobalSection
	GlobalSection(ExtensibilityGlobals) = postSolution
		SolutionGuid = {F2D0384D-FE19-463B-9180-FFFAC4012E1E}
	EndGlobalSection
EndGlobal
